
Microsoft Visual Studio Solution File, Format Version 12.00
# Visual Studio Version 17
VisualStudioVersion = 17.1.32228.430
MinimumVisualStudioVersion = 10.0.40219.1
Project("{FAE04EC0-301F-11D3-BF4B-00C04F79EFBC}") = "MoodAnalyzerProblem", "MoodAnalyzerProblem\MoodAnalyzerProblem.csproj", "{D78E8E05-4D37-4EF8-BF83-215DDA64A864}"
EndProject
Project("{FAE04EC0-301F-11D3-BF4B-00C04F79EFBC}") = "MoodAnalyzerMSTesting", "MoodAnalyzerMSTesting\MoodAnalyzerMSTesting.csproj", "{075E6BB3-2A83-45C7-8269-FB8051331AC3}"
EndProject
Global
	GlobalSection(SolutionConfigurationPlatforms) = preSolution
		Debug|Any CPU = Debug|Any CPU
		Release|Any CPU = Release|Any CPU
	EndGlobalSection
	GlobalSection(ProjectConfigurationPlatforms) = postSolution
		{D78E8E05-4D37-4EF8-BF83-215DDA64A864}.Debug|Any CPU.ActiveCfg = Debug|Any CPU
		{D78E8E05-4D37-4EF8-BF83-215DDA64A864}.Debug|Any CPU.Build.0 = Debug|Any CPU
		{D78E8E05-4D37-4EF8-BF83-215DDA64A864}.Release|Any CPU.ActiveCfg = Release|Any CPU
		{D78E8E05-4D37-4EF8-BF83-215DDA64A864}.Release|Any CPU.Build.0 = Release|Any CPU
		{075E6BB3-2A83-45C7-8269-FB8051331AC3}.Debug|Any CPU.ActiveCfg = Debug|Any CPU
		{075E6BB3-2A83-45C7-8269-FB8051331AC3}.Debug|Any CPU.Build.0 = Debug|Any CPU
		{075E6BB3-2A83-45C7-8269-FB8051331AC3}.Release|Any CPU.ActiveCfg = Release|Any CPU
		{075E6BB3-2A83-45C7-8269-FB8051331AC3}.Release|Any CPU.Build.0 = Release|Any CPU
	EndGlobalSection
	GlobalSection(SolutionProperties) = preSolution
		HideSolutionNode = FALSE
	EndGlobalSection
	GlobalSection(ExtensibilityGlobals) = postSolution
		SolutionGuid = {80F9298B-CAC7-42AD-8279-670E9E9A6F52}
	EndGlobalSection
EndGlobal
